# This file is automatically @generated by Cargo.
# It is not intended for manual editing.
version = 4

[[package]]
name = "app"
version = "0.1.0"
dependencies = [
 "firewall-engine",
 "intel",
 "inventory",
 "net-engine",
 "web",
]

[[package]]
name = "firewall-engine"
version = "0.1.0"

[[package]]
name = "intel"
version = "0.1.0"

[[package]]
name = "inventory"
version = "0.1.0"

[[package]]
name = "net-engine"
version = "0.1.0"

[[package]]
name = "web"
version = "0.1.0"
